
Microsoft Visual Studio Solution File, Format Version 12.00
# Visual Studio Version 16
VisualStudioVersion = 16.0.31624.102
MinimumVisualStudioVersion = 10.0.40219.1
Project("{FAE04EC0-301F-11D3-BF4B-00C04F79EFBC}") = "LayOut Wall-i", "LayOut Wall-i\LayOut Wall-i.csproj", "{6A4CE170-19FB-45A3-8C4C-7253B54C0BC1}"
EndProject
Global
	GlobalSection(SolutionConfigurationPlatforms) = preSolution
		Debug|Any CPU = Debug|Any CPU
		Release|Any CPU = Release|Any CPU
	EndGlobalSection
	GlobalSection(ProjectConfigurationPlatforms) = postSolution
		{6A4CE170-19FB-45A3-8C4C-7253B54C0BC1}.Debug|Any CPU.ActiveCfg = Debug|Any CPU
		{6A4CE170-19FB-45A3-8C4C-7253B54C0BC1}.Debug|Any CPU.Build.0 = Debug|Any CPU
		{6A4CE170-19FB-45A3-8C4C-7253B54C0BC1}.Release|Any CPU.ActiveCfg = Release|Any CPU
		{6A4CE170-19FB-45A3-8C4C-7253B54C0BC1}.Release|Any CPU.Build.0 = Release|Any CPU
	EndGlobalSection
	GlobalSection(SolutionProperties) = preSolution
		HideSolutionNode = FALSE
	EndGlobalSection
	GlobalSection(ExtensibilityGlobals) = postSolution
		SolutionGuid = {9FB7CC7F-4A67-4B30-BCFB-C9E8DF42E389}
	EndGlobalSection
EndGlobal
